<Solution>
  <Project Path="WeatherService.Api/WeatherService.Api.csproj" />
  <Project Path="WeatherService.Application/WeatherService.Application.csproj" />
  <Project Path="WeatherService.Domain/WeatherService.Domain.csproj" />
  <Project Path="WeatherService.Infrastructure/WeatherService.Infrastructure.csproj" />
</Solution>
